
Microsoft Visual Studio Solution File, Format Version 12.00
# Visual Studio Version 17
VisualStudioVersion = 17.5.002.0
MinimumVisualStudioVersion = 10.0.40219.1
Project("{9A19103F-16F7-4668-BE54-9A1E7A4F7556}") = "switch_case", "switch_case.csproj", "{A942E6FD-E890-40DD-8D47-A3C609CF4BCA}"
EndProject
Global
	GlobalSection(SolutionConfigurationPlatforms) = preSolution
		Debug|Any CPU = Debug|Any CPU
		Release|Any CPU = Release|Any CPU
	EndGlobalSection
	GlobalSection(ProjectConfigurationPlatforms) = postSolution
		{A942E6FD-E890-40DD-8D47-A3C609CF4BCA}.Debug|Any CPU.ActiveCfg = Debug|Any CPU
		{A942E6FD-E890-40DD-8D47-A3C609CF4BCA}.Debug|Any CPU.Build.0 = Debug|Any CPU
		{A942E6FD-E890-40DD-8D47-A3C609CF4BCA}.Release|Any CPU.ActiveCfg = Release|Any CPU
		{A942E6FD-E890-40DD-8D47-A3C609CF4BCA}.Release|Any CPU.Build.0 = Release|Any CPU
	EndGlobalSection
	GlobalSection(SolutionProperties) = preSolution
		HideSolutionNode = FALSE
	EndGlobalSection
	GlobalSection(ExtensibilityGlobals) = postSolution
		SolutionGuid = {4A173C5D-0D85-41B9-83BD-4D31914C8C52}
	EndGlobalSection
EndGlobal
